
Microsoft Visual Studio Solution File, Format Version 12.00
Project("{FAE04EC0-301F-11D3-BF4B-00C04F79EFBC}") = "C_Core_Fundamentals", "C_Core_Fundamentals\C_Core_Fundamentals.csproj", "{98AA3C45-C4E4-403A-A128-6F075CDE7C00}"
EndProject
Project("{FAE04EC0-301F-11D3-BF4B-00C04F79EFBC}") = "AsyncProgressApp", "AsyncProgressApp\AsyncProgressApp.csproj", "{0C7443FF-7B56-4AA5-9229-606C453CE1A5}"
EndProject
Project("{FAE04EC0-301F-11D3-BF4B-00C04F79EFBC}") = "SunsetAppDemo", "SunsetAppDemo\SunsetAppDemo.csproj", "{F09BFB52-212F-4BFD-94E7-1B032EC6A59B}"
EndProject
Project("{FAE04EC0-301F-11D3-BF4B-00C04F79EFBC}") = "SunsetLibrary", "SunsetLibrary\SunsetLibrary.csproj", "{47081BCB-95C7-4D81-93BB-6F8C8CB096B2}"
EndProject
Project("{FAE04EC0-301F-11D3-BF4B-00C04F79EFBC}") = "ModernDesign", "ModernDesign\ModernDesign.csproj", "{80D3EBCC-9C89-47A3-880D-30540FADA7D6}"
EndProject
Project("{FAE04EC0-301F-11D3-BF4B-00C04F79EFBC}") = "ModernUI", "ModernUI\ModernUI.csproj", "{1FDC07BA-3F2D-4A0E-8AF5-4831F7BE15F2}"
EndProject
Global
	GlobalSection(SolutionConfigurationPlatforms) = preSolution
		Debug|Any CPU = Debug|Any CPU
		Release|Any CPU = Release|Any CPU
	EndGlobalSection
	GlobalSection(ProjectConfigurationPlatforms) = postSolution
		{98AA3C45-C4E4-403A-A128-6F075CDE7C00}.Debug|Any CPU.ActiveCfg = Debug|Any CPU
		{98AA3C45-C4E4-403A-A128-6F075CDE7C00}.Debug|Any CPU.Build.0 = Debug|Any CPU
		{98AA3C45-C4E4-403A-A128-6F075CDE7C00}.Release|Any CPU.ActiveCfg = Release|Any CPU
		{98AA3C45-C4E4-403A-A128-6F075CDE7C00}.Release|Any CPU.Build.0 = Release|Any CPU
		{0C7443FF-7B56-4AA5-9229-606C453CE1A5}.Debug|Any CPU.ActiveCfg = Debug|Any CPU
		{0C7443FF-7B56-4AA5-9229-606C453CE1A5}.Debug|Any CPU.Build.0 = Debug|Any CPU
		{0C7443FF-7B56-4AA5-9229-606C453CE1A5}.Release|Any CPU.ActiveCfg = Release|Any CPU
		{0C7443FF-7B56-4AA5-9229-606C453CE1A5}.Release|Any CPU.Build.0 = Release|Any CPU
		{F09BFB52-212F-4BFD-94E7-1B032EC6A59B}.Debug|Any CPU.ActiveCfg = Debug|Any CPU
		{F09BFB52-212F-4BFD-94E7-1B032EC6A59B}.Debug|Any CPU.Build.0 = Debug|Any CPU
		{F09BFB52-212F-4BFD-94E7-1B032EC6A59B}.Release|Any CPU.ActiveCfg = Release|Any CPU
		{F09BFB52-212F-4BFD-94E7-1B032EC6A59B}.Release|Any CPU.Build.0 = Release|Any CPU
		{47081BCB-95C7-4D81-93BB-6F8C8CB096B2}.Debug|Any CPU.ActiveCfg = Debug|Any CPU
		{47081BCB-95C7-4D81-93BB-6F8C8CB096B2}.Debug|Any CPU.Build.0 = Debug|Any CPU
		{47081BCB-95C7-4D81-93BB-6F8C8CB096B2}.Release|Any CPU.ActiveCfg = Release|Any CPU
		{47081BCB-95C7-4D81-93BB-6F8C8CB096B2}.Release|Any CPU.Build.0 = Release|Any CPU
		{80D3EBCC-9C89-47A3-880D-30540FADA7D6}.Debug|Any CPU.ActiveCfg = Debug|Any CPU
		{80D3EBCC-9C89-47A3-880D-30540FADA7D6}.Debug|Any CPU.Build.0 = Debug|Any CPU
		{80D3EBCC-9C89-47A3-880D-30540FADA7D6}.Release|Any CPU.ActiveCfg = Release|Any CPU
		{80D3EBCC-9C89-47A3-880D-30540FADA7D6}.Release|Any CPU.Build.0 = Release|Any CPU
		{1FDC07BA-3F2D-4A0E-8AF5-4831F7BE15F2}.Debug|Any CPU.ActiveCfg = Debug|Any CPU
		{1FDC07BA-3F2D-4A0E-8AF5-4831F7BE15F2}.Debug|Any CPU.Build.0 = Debug|Any CPU
		{1FDC07BA-3F2D-4A0E-8AF5-4831F7BE15F2}.Release|Any CPU.ActiveCfg = Release|Any CPU
		{1FDC07BA-3F2D-4A0E-8AF5-4831F7BE15F2}.Release|Any CPU.Build.0 = Release|Any CPU
	EndGlobalSection
EndGlobal
